
Microsoft Visual Studio Solution File, Format Version 12.00
# Visual Studio 15
VisualStudioVersion = 15.0.27130.2024
MinimumVisualStudioVersion = 10.0.40219.1
Project("{FAE04EC0-301F-11D3-BF4B-00C04F79EFBC}") = "DemoRestApi", "DemoRestApi\DemoRestApi.csproj", "{B3A6132E-CB7C-492A-8E7F-23666516A8F9}"
EndProject
Global
	GlobalSection(SolutionConfigurationPlatforms) = preSolution
		Debug|Any CPU = Debug|Any CPU
		Release|Any CPU = Release|Any CPU
	EndGlobalSection
	GlobalSection(ProjectConfigurationPlatforms) = postSolution
		{B3A6132E-CB7C-492A-8E7F-23666516A8F9}.Debug|Any CPU.ActiveCfg = Debug|Any CPU
		{B3A6132E-CB7C-492A-8E7F-23666516A8F9}.Debug|Any CPU.Build.0 = Debug|Any CPU
		{B3A6132E-CB7C-492A-8E7F-23666516A8F9}.Release|Any CPU.ActiveCfg = Release|Any CPU
		{B3A6132E-CB7C-492A-8E7F-23666516A8F9}.Release|Any CPU.Build.0 = Release|Any CPU
	EndGlobalSection
	GlobalSection(SolutionProperties) = preSolution
		HideSolutionNode = FALSE
	EndGlobalSection
	GlobalSection(ExtensibilityGlobals) = postSolution
		SolutionGuid = {F2017212-7E18-461E-8B55-AE6AA8F0A2B2}
	EndGlobalSection
EndGlobal
